
Microsoft Visual Studio Solution File, Format Version 12.00
# Visual Studio Version 17
VisualStudioVersion = 17.13.35931.197 d17.13
MinimumVisualStudioVersion = 10.0.40219.1
Project("{FAE04EC0-301F-11D3-BF4B-00C04F79EFBC}") = "SpamDetector_ConsoleApp", "SpamDetector_ConsoleApp\SpamDetector_ConsoleApp.csproj", "{94CF9137-1A8B-C1A7-2E20-B7713B6F31C1}"
EndProject
Global
	GlobalSection(SolutionConfigurationPlatforms) = preSolution
		Debug|Any CPU = Debug|Any CPU
		Release|Any CPU = Release|Any CPU
	EndGlobalSection
	GlobalSection(ProjectConfigurationPlatforms) = postSolution
		{9F39963B-7C4B-46A5-B8E5-C4D7FEB09B27}.Debug|Any CPU.ActiveCfg = Debug|Any CPU
		{9F39963B-7C4B-46A5-B8E5-C4D7FEB09B27}.Debug|Any CPU.Build.0 = Debug|Any CPU
		{9F39963B-7C4B-46A5-B8E5-C4D7FEB09B27}.Release|Any CPU.ActiveCfg = Release|Any CPU
		{9F39963B-7C4B-46A5-B8E5-C4D7FEB09B27}.Release|Any CPU.Build.0 = Release|Any CPU
		{94CF9137-1A8B-C1A7-2E20-B7713B6F31C1}.Debug|Any CPU.ActiveCfg = Debug|Any CPU
		{94CF9137-1A8B-C1A7-2E20-B7713B6F31C1}.Debug|Any CPU.Build.0 = Debug|Any CPU
		{94CF9137-1A8B-C1A7-2E20-B7713B6F31C1}.Release|Any CPU.ActiveCfg = Release|Any CPU
		{94CF9137-1A8B-C1A7-2E20-B7713B6F31C1}.Release|Any CPU.Build.0 = Release|Any CPU
	EndGlobalSection
	GlobalSection(SolutionProperties) = preSolution
		HideSolutionNode = FALSE
	EndGlobalSection
	GlobalSection(ExtensibilityGlobals) = postSolution
		SolutionGuid = {E3B83D6A-07A6-4530-960C-5410C758A1C8}
	EndGlobalSection
EndGlobal
